// !$*UTF8*$!
{
	archiveVersion = 1;
	classes = {
	};
	objectVersion = 50;
	objects = {

/* Begin PBXBuildFile section */
		F31B670622D338C50014DB41 /* SDWebImage.framework in Frameworks */ = {isa = PBXBuildFile; fileRef = F31B670522D338C50014DB41 /* SDWebImage.framework */; };
		F31B670722D338CE0014DB41 /* SDWebImage.framework in Frameworks */ = {isa = PBXBuildFile; fileRef = F31B670522D338C50014DB41 /* SDWebImage.framework */; };
		F31B670822D338CE0014DB41 /* SDWebImage.framework in Embed Frameworks */ = {isa = PBXBuildFile; fileRef = F31B670522D338C50014DB41 /* SDWebImage.framework */; settings = {ATTRIBUTES = (CodeSignOnCopy, RemoveHeadersOnCopy, ); }; };
		F3556E3B22CEF6E50096D26A /* BaseViewModel.m in Sources */ = {isa = PBXBuildFile; fileRef = F3556E3A22CEF6E50096D26A /* BaseViewModel.m */; };
		F366FEE622D42C8500FC8913 /* DetailViewController.m in Sources */ = {isa = PBXBuildFile; fileRef = F366FEE522D42C8500FC8913 /* DetailViewController.m */; };
		F366FEE922D4905E00FC8913 /* MVVM_MV.m in Sources */ = {isa = PBXBuildFile; fileRef = F366FEE822D4905E00FC8913 /* MVVM_MV.m */; };
		F366FEED22D497DD00FC8913 /* ViewControllerRAC.m in Sources */ = {isa = PBXBuildFile; fileRef = F366FEEC22D497DC00FC8913 /* ViewControllerRAC.m */; };
		F3785C1D22CD97E20074AC24 /* AppDelegate.m in Sources */ = {isa = PBXBuildFile; fileRef = F3785C1C22CD97E20074AC24 /* AppDelegate.m */; };
		F3785C2022CD97E20074AC24 /* ViewController.m in Sources */ = {isa = PBXBuildFile; fileRef = F3785C1F22CD97E20074AC24 /* ViewController.m */; };
		F3785C2322CD97E20074AC24 /* Main.storyboard in Resources */ = {isa = PBXBuildFile; fileRef = F3785C2122CD97E20074AC24 /* Main.storyboard */; };
		F3785C2522CD97E30074AC24 /* Assets.xcassets in Resources */ = {isa = PBXBuildFile; fileRef = F3785C2422CD97E30074AC24 /* Assets.xcassets */; };
		F3785C2822CD97E30074AC24 /* LaunchScreen.storyboard in Resources */ = {isa = PBXBuildFile; fileRef = F3785C2622CD97E30074AC24 /* LaunchScreen.storyboard */; };
		F3785C2B22CD97E30074AC24 /* main.m in Sources */ = {isa = PBXBuildFile; fileRef = F3785C2A22CD97E30074AC24 /* main.m */; };
		F3785C3522CD97E30074AC24 /* MVVM_interfaceDemoTests.m in Sources */ = {isa = PBXBuildFile; fileRef = F3785C3422CD97E30074AC24 /* MVVM_interfaceDemoTests.m */; };
		F3785C4022CD97E30074AC24 /* MVVM_interfaceDemoUITests.m in Sources */ = {isa = PBXBuildFile; fileRef = F3785C3F22CD97E30074AC24 /* MVVM_interfaceDemoUITests.m */; };
		F3785C4E22CD98760074AC24 /* MVVMmodel.m in Sources */ = {isa = PBXBuildFile; fileRef = F3785C4D22CD98760074AC24 /* MVVMmodel.m */; };
		F3785C5222CD989E0074AC24 /* MVVMcell.m in Sources */ = {isa = PBXBuildFile; fileRef = F3785C5122CD989E0074AC24 /* MVVMcell.m */; };
		F3785C5422CD98AD0074AC24 /* MVVMview_model.m in Sources */ = {isa = PBXBuildFile; fileRef = F3785C5322CD98AD0074AC24 /* MVVMview_model.m */; };
		F3785C7822CE02A50074AC24 /* NSLayoutConstraint+MASDebugAdditions.m in Sources */ = {isa = PBXBuildFile; fileRef = F3785C5E22CE02A40074AC24 /* NSLayoutConstraint+MASDebugAdditions.m */; };
		F3785C7922CE02A50074AC24 /* ViewController+MASAdditions.m in Sources */ = {isa = PBXBuildFile; fileRef = F3785C6722CE02A40074AC24 /* ViewController+MASAdditions.m */; };
		F3785C7A22CE02A50074AC24 /* MASCompositeConstraint.m in Sources */ = {isa = PBXBuildFile; fileRef = F3785C6B22CE02A40074AC24 /* MASCompositeConstraint.m */; };
		F3785C7B22CE02A50074AC24 /* MASConstraintMaker.m in Sources */ = {isa = PBXBuildFile; fileRef = F3785C6C22CE02A40074AC24 /* MASConstraintMaker.m */; };
		F3785C7C22CE02A50074AC24 /* MASLayoutConstraint.m in Sources */ = {isa = PBXBuildFile; fileRef = F3785C6D22CE02A40074AC24 /* MASLayoutConstraint.m */; };
		F3785C7D22CE02A50074AC24 /* NSArray+MASAdditions.m in Sources */ = {isa = PBXBuildFile; fileRef = F3785C6E22CE02A40074AC24 /* NSArray+MASAdditions.m */; };
		F3785C7E22CE02A50074AC24 /* View+MASAdditions.m in Sources */ = {isa = PBXBuildFile; fileRef = F3785C6F22CE02A40074AC24 /* View+MASAdditions.m */; };
		F3785C7F22CE02A50074AC24 /* ImageDownLoad.m in Sources */ = {isa = PBXBuildFile; fileRef = F3785C7122CE02A40074AC24 /* ImageDownLoad.m */; };
		F3785C8022CE02A50074AC24 /* MASConstraint.m in Sources */ = {isa = PBXBuildFile; fileRef = F3785C7322CE02A40074AC24 /* MASConstraint.m */; };
		F3785C8122CE02A50074AC24 /* MASViewConstraint.m in Sources */ = {isa = PBXBuildFile; fileRef = F3785C7522CE02A40074AC24 /* MASViewConstraint.m */; };
		F3785C8222CE02A50074AC24 /* MASViewAttribute.m in Sources */ = {isa = PBXBuildFile; fileRef = F3785C7622CE02A40074AC24 /* MASViewAttribute.m */; };
		F3785C8322CE02A50074AC24 /* Info.plist in Resources */ = {isa = PBXBuildFile; fileRef = F3785C7722CE02A40074AC24 /* Info.plist */; };
		F3785C8622CE04950074AC24 /* MVVM_DataSource.m in Sources */ = {isa = PBXBuildFile; fileRef = F3785C8522CE04950074AC24 /* MVVM_DataSource.m */; };
/* End PBXBuildFile section */

/* Begin PBXContainerItemProxy section */
		F3785C3122CD97E30074AC24 /* PBXContainerItemProxy */ = {
			isa = PBXContainerItemProxy;
			containerPortal = F3785C1022CD97E10074AC24 /* Project object */;
			proxyType = 1;
			remoteGlobalIDString = F3785C1722CD97E20074AC24;
			remoteInfo = "MVVM-interfaceDemo";
		};
		F3785C3C22CD97E30074AC24 /* PBXContainerItemProxy */ = {
			isa = PBXContainerItemProxy;
			containerPortal = F3785C1022CD97E10074AC24 /* Project object */;
			proxyType = 1;
			remoteGlobalIDString = F3785C1722CD97E20074AC24;
			remoteInfo = "MVVM-interfaceDemo";
		};
/* End PBXContainerItemProxy section */

/* Begin PBXCopyFilesBuildPhase section */
		F31B670922D338CE0014DB41 /* Embed Frameworks */ = {
			isa = PBXCopyFilesBuildPhase;
			buildActionMask = 2147483647;
			dstPath = "";
			dstSubfolderSpec = 10;
			files = (
				F31B670822D338CE0014DB41 /* SDWebImage.framework in Embed Frameworks */,
			);
			name = "Embed Frameworks";
			runOnlyForDeploymentPostprocessing = 0;
		};
/* End PBXCopyFilesBuildPhase section */

/* Begin PBXFileReference section */
		F31B670422D328A40014DB41 /* DetailViewController.h */ = {isa = PBXFileReference; lastKnownFileType = sourcecode.c.h; path = DetailViewController.h; sourceTree = "<group>"; };
		F31B670522D338C50014DB41 /* SDWebImage.framework */ = {isa = PBXFileReference; lastKnownFileType = wrapper.framework; path = SDWebImage.framework; sourceTree = "<group>"; };
		F3556E3A22CEF6E50096D26A /* BaseViewModel.m */ = {isa = PBXFileReference; lastKnownFileType = sourcecode.c.objc; path = BaseViewModel.m; sourceTree = "<group>"; };
		F3556E3C22CEF6F10096D26A /* BaseVieModel.h */ = {isa = PBXFileReference; lastKnownFileType = sourcecode.c.h; path = BaseVieModel.h; sourceTree = "<group>"; };
		F366FEE522D42C8500FC8913 /* DetailViewController.m */ = {isa = PBXFileReference; lastKnownFileType = sourcecode.c.objc; path = DetailViewController.m; sourceTree = "<group>"; };
		F366FEE822D4905E00FC8913 /* MVVM_MV.m */ = {isa = PBXFileReference; lastKnownFileType = sourcecode.c.objc; path = MVVM_MV.m; sourceTree = "<group>"; };
		F366FEEA22D4906C00FC8913 /* MVVM_MV.h */ = {isa = PBXFileReference; lastKnownFileType = sourcecode.c.h; path = MVVM_MV.h; sourceTree = "<group>"; };
		F366FEEB22D497D100FC8913 /* ViewControllerRAC.h */ = {isa = PBXFileReference; lastKnownFileType = sourcecode.c.h; path = ViewControllerRAC.h; sourceTree = "<group>"; };
		F366FEEC22D497DC00FC8913 /* ViewControllerRAC.m */ = {isa = PBXFileReference; lastKnownFileType = sourcecode.c.objc; path = ViewControllerRAC.m; sourceTree = "<group>"; };
		F3785C1822CD97E20074AC24 /* MVVM-interfaceDemo.app */ = {isa = PBXFileReference; explicitFileType = wrapper.application; includeInIndex = 0; path = "MVVM-interfaceDemo.app"; sourceTree = BUILT_PRODUCTS_DIR; };
		F3785C1B22CD97E20074AC24 /* AppDelegate.h */ = {isa = PBXFileReference; lastKnownFileType = sourcecode.c.h; path = AppDelegate.h; sourceTree = "<group>"; };
		F3785C1C22CD97E20074AC24 /* AppDelegate.m */ = {isa = PBXFileReference; lastKnownFileType = sourcecode.c.objc; path = AppDelegate.m; sourceTree = "<group>"; };
		F3785C1E22CD97E20074AC24 /* ViewController.h */ = {isa = PBXFileReference; lastKnownFileType = sourcecode.c.h; path = ViewController.h; sourceTree = "<group>"; };
		F3785C1F22CD97E20074AC24 /* ViewController.m */ = {isa = PBXFileReference; lastKnownFileType = sourcecode.c.objc; path = ViewController.m; sourceTree = "<group>"; };
		F3785C2222CD97E20074AC24 /* Base */ = {isa = PBXFileReference; lastKnownFileType = file.storyboard; name = Base; path = Base.lproj/Main.storyboard; sourceTree = "<group>"; };
		F3785C2422CD97E30074AC24 /* Assets.xcassets */ = {isa = PBXFileReference; lastKnownFileType = folder.assetcatalog; path = Assets.xcassets; sourceTree = "<group>"; };
		F3785C2722CD97E30074AC24 /* Base */ = {isa = PBXFileReference; lastKnownFileType = file.storyboard; name = Base; path = Base.lproj/LaunchScreen.storyboard; sourceTree = "<group>"; };
		F3785C2922CD97E30074AC24 /* Info.plist */ = {isa = PBXFileReference; lastKnownFileType = text.plist.xml; path = Info.plist; sourceTree = "<group>"; };
		F3785C2A22CD97E30074AC24 /* main.m */ = {isa = PBXFileReference; lastKnownFileType = sourcecode.c.objc; path = main.m; sourceTree = "<group>"; };
		F3785C3022CD97E30074AC24 /* MVVM-interfaceDemoTests.xctest */ = {isa = PBXFileReference; explicitFileType = wrapper.cfbundle; includeInIndex = 0; path = "MVVM-interfaceDemoTests.xctest"; sourceTree = BUILT_PRODUCTS_DIR; };
		F3785C3422CD97E30074AC24 /* MVVM_interfaceDemoTests.m */ = {isa = PBXFileReference; lastKnownFileType = sourcecode.c.objc; path = MVVM_interfaceDemoTests.m; sourceTree = "<group>"; };
		F3785C3622CD97E30074AC24 /* Info.plist */ = {isa = PBXFileReference; lastKnownFileType = text.plist.xml; path = Info.plist; sourceTree = "<group>"; };
		F3785C3B22CD97E30074AC24 /* MVVM-interfaceDemoUITests.xctest */ = {isa = PBXFileReference; explicitFileType = wrapper.cfbundle; includeInIndex = 0; path = "MVVM-interfaceDemoUITests.xctest"; sourceTree = BUILT_PRODUCTS_DIR; };
		F3785C3F22CD97E30074AC24 /* MVVM_interfaceDemoUITests.m */ = {isa = PBXFileReference; lastKnownFileType = sourcecode.c.objc; path = MVVM_interfaceDemoUITests.m; sourceTree = "<group>"; };
		F3785C4122CD97E30074AC24 /* Info.plist */ = {isa = PBXFileReference; lastKnownFileType = text.plist.xml; path = Info.plist; sourceTree = "<group>"; };
		F3785C4D22CD98760074AC24 /* MVVMmodel.m */ = {isa = PBXFileReference; lastKnownFileType = sourcecode.c.objc; path = MVVMmodel.m; sourceTree = "<group>"; };
		F3785C4F22CD98820074AC24 /* MVVMmodel.h */ = {isa = PBXFileReference; lastKnownFileType = sourcecode.c.h; path = MVVMmodel.h; sourceTree = "<group>"; };
		F3785C5022CD98920074AC24 /* MVVMcell.h */ = {isa = PBXFileReference; lastKnownFileType = sourcecode.c.h; path = MVVMcell.h; sourceTree = "<group>"; };
		F3785C5122CD989E0074AC24 /* MVVMcell.m */ = {isa = PBXFileReference; lastKnownFileType = sourcecode.c.objc; path = MVVMcell.m; sourceTree = "<group>"; };
		F3785C5322CD98AD0074AC24 /* MVVMview_model.m */ = {isa = PBXFileReference; lastKnownFileType = sourcecode.c.objc; path = MVVMview_model.m; sourceTree = "<group>"; };
		F3785C5522CD98B80074AC24 /* MVVMview_model.h */ = {isa = PBXFileReference; lastKnownFileType = sourcecode.c.h; path = MVVMview_model.h; sourceTree = "<group>"; };
		F3785C5A22CD990E0074AC24 /* MVVMsub_model.h */ = {isa = PBXFileReference; lastKnownFileType = sourcecode.c.h; path = MVVMsub_model.h; sourceTree = "<group>"; };
		F3785C5D22CE02A40074AC24 /* MASCompositeConstraint.h */ = {isa = PBXFileReference; fileEncoding = 4; lastKnownFileType = sourcecode.c.h; path = MASCompositeConstraint.h; sourceTree = "<group>"; };
		F3785C5E22CE02A40074AC24 /* NSLayoutConstraint+MASDebugAdditions.m */ = {isa = PBXFileReference; fileEncoding = 4; lastKnownFileType = sourcecode.c.objc; path = "NSLayoutConstraint+MASDebugAdditions.m"; sourceTree = "<group>"; };
		F3785C5F22CE02A40074AC24 /* MASConstraint+Private.h */ = {isa = PBXFileReference; fileEncoding = 4; lastKnownFileType = sourcecode.c.h; path = "MASConstraint+Private.h"; sourceTree = "<group>"; };
		F3785C6022CE02A40074AC24 /* MASLayoutConstraint.h */ = {isa = PBXFileReference; fileEncoding = 4; lastKnownFileType = sourcecode.c.h; path = MASLayoutConstraint.h; sourceTree = "<group>"; };
		F3785C6122CE02A40074AC24 /* NSArray+MASShorthandAdditions.h */ = {isa = PBXFileReference; fileEncoding = 4; lastKnownFileType = sourcecode.c.h; path = "NSArray+MASShorthandAdditions.h"; sourceTree = "<group>"; };
		F3785C6222CE02A40074AC24 /* MASConstraintMaker.h */ = {isa = PBXFileReference; fileEncoding = 4; lastKnownFileType = sourcecode.c.h; path = MASConstraintMaker.h; sourceTree = "<group>"; };
		F3785C6322CE02A40074AC24 /* View+MASAdditions.h */ = {isa = PBXFileReference; fileEncoding = 4; lastKnownFileType = sourcecode.c.h; path = "View+MASAdditions.h"; sourceTree = "<group>"; };
		F3785C6422CE02A40074AC24 /* NSArray+MASAdditions.h */ = {isa = PBXFileReference; fileEncoding = 4; lastKnownFileType = sourcecode.c.h; path = "NSArray+MASAdditions.h"; sourceTree = "<group>"; };
		F3785C6522CE02A40074AC24 /* MASUtilities.h */ = {isa = PBXFileReference; fileEncoding = 4; lastKnownFileType = sourcecode.c.h; path = MASUtilities.h; sourceTree = "<group>"; };
		F3785C6622CE02A40074AC24 /* MASViewAttribute.h */ = {isa = PBXFileReference; fileEncoding = 4; lastKnownFileType = sourcecode.c.h; path = MASViewAttribute.h; sourceTree = "<group>"; };
		F3785C6722CE02A40074AC24 /* ViewController+MASAdditions.m */ = {isa = PBXFileReference; fileEncoding = 4; lastKnownFileType = sourcecode.c.objc; path = "ViewController+MASAdditions.m"; sourceTree = "<group>"; };
		F3785C6822CE02A40074AC24 /* MASViewConstraint.h */ = {isa = PBXFileReference; fileEncoding = 4; lastKnownFileType = sourcecode.c.h; path = MASViewConstraint.h; sourceTree = "<group>"; };
		F3785C6922CE02A40074AC24 /* MASConstraint.h */ = {isa = PBXFileReference; fileEncoding = 4; lastKnownFileType = sourcecode.c.h; path = MASConstraint.h; sourceTree = "<group>"; };
		F3785C6A22CE02A40074AC24 /* NSLayoutConstraint+MASDebugAdditions.h */ = {isa = PBXFileReference; fileEncoding = 4; lastKnownFileType = sourcecode.c.h; path = "NSLayoutConstraint+MASDebugAdditions.h"; sourceTree = "<group>"; };
		F3785C6B22CE02A40074AC24 /* MASCompositeConstraint.m */ = {isa = PBXFileReference; fileEncoding = 4; lastKnownFileType = sourcecode.c.objc; path = MASCompositeConstraint.m; sourceTree = "<group>"; };
		F3785C6C22CE02A40074AC24 /* MASConstraintMaker.m */ = {isa = PBXFileReference; fileEncoding = 4; lastKnownFileType = sourcecode.c.objc; path = MASConstraintMaker.m; sourceTree = "<group>"; };
		F3785C6D22CE02A40074AC24 /* MASLayoutConstraint.m */ = {isa = PBXFileReference; fileEncoding = 4; lastKnownFileType = sourcecode.c.objc; path = MASLayoutConstraint.m; sourceTree = "<group>"; };
		F3785C6E22CE02A40074AC24 /* NSArray+MASAdditions.m */ = {isa = PBXFileReference; fileEncoding = 4; lastKnownFileType = sourcecode.c.objc; path = "NSArray+MASAdditions.m"; sourceTree = "<group>"; };
		F3785C6F22CE02A40074AC24 /* View+MASAdditions.m */ = {isa = PBXFileReference; fileEncoding = 4; lastKnownFileType = sourcecode.c.objc; path = "View+MASAdditions.m"; sourceTree = "<group>"; };
		F3785C7022CE02A40074AC24 /* View+MASShorthandAdditions.h */ = {isa = PBXFileReference; fileEncoding = 4; lastKnownFileType = sourcecode.c.h; path = "View+MASShorthandAdditions.h"; sourceTree = "<group>"; };
		F3785C7122CE02A40074AC24 /* ImageDownLoad.m */ = {isa = PBXFileReference; fileEncoding = 4; lastKnownFileType = sourcecode.c.objc; path = ImageDownLoad.m; sourceTree = "<group>"; };
		F3785C7222CE02A40074AC24 /* Masonry.h */ = {isa = PBXFileReference; fileEncoding = 4; lastKnownFileType = sourcecode.c.h; path = Masonry.h; sourceTree = "<group>"; };
		F3785C7322CE02A40074AC24 /* MASConstraint.m */ = {isa = PBXFileReference; fileEncoding = 4; lastKnownFileType = sourcecode.c.objc; path = MASConstraint.m; sourceTree = "<group>"; };
		F3785C7422CE02A40074AC24 /* ViewController+MASAdditions.h */ = {isa = PBXFileReference; fileEncoding = 4; lastKnownFileType = sourcecode.c.h; path = "ViewController+MASAdditions.h"; sourceTree = "<group>"; };
		F3785C7522CE02A40074AC24 /* MASViewConstraint.m */ = {isa = PBXFileReference; fileEncoding = 4; lastKnownFileType = sourcecode.c.objc; path = MASViewConstraint.m; sourceTree = "<group>"; };
		F3785C7622CE02A40074AC24 /* MASViewAttribute.m */ = {isa = PBXFileReference; fileEncoding = 4; lastKnownFileType = sourcecode.c.objc; path = MASViewAttribute.m; sourceTree = "<group>"; };
		F3785C7722CE02A40074AC24 /* Info.plist */ = {isa = PBXFileReference; fileEncoding = 4; lastKnownFileType = text.plist.xml; path = Info.plist; sourceTree = "<group>"; };
		F3785C8522CE04950074AC24 /* MVVM_DataSource.m */ = {isa = PBXFileReference; lastKnownFileType = sourcecode.c.objc; path = MVVM_DataSource.m; sourceTree = "<group>"; };
		F3785C8722CE049D0074AC24 /* MVVM_DataSource.h */ = {isa = PBXFileReference; lastKnownFileType = sourcecode.c.h; path = MVVM_DataSource.h; sourceTree = "<group>"; };
/* End PBXFileReference section */

/* Begin PBXFrameworksBuildPhase section */
		F3785C1522CD97E20074AC24 /* Frameworks */ = {
			isa = PBXFrameworksBuildPhase;
			buildActionMask = 2147483647;
			files = (
				F31B670722D338CE0014DB41 /* SDWebImage.framework in Frameworks */,
				F31B670622D338C50014DB41 /* SDWebImage.framework in Frameworks */,
			);
			runOnlyForDeploymentPostprocessing = 0;
		};
		F3785C2D22CD97E30074AC24 /* Frameworks */ = {
			isa = PBXFrameworksBuildPhase;
			buildActionMask = 2147483647;
			files = (
			);
			runOnlyForDeploymentPostprocessing = 0;
		};
		F3785C3822CD97E30074AC24 /* Frameworks */ = {
			isa = PBXFrameworksBuildPhase;
			buildActionMask = 2147483647;
			files = (
			);
			runOnlyForDeploymentPostprocessing = 0;
		};
/* End PBXFrameworksBuildPhase section */

/* Begin PBXGroup section */
		F366FEE722D4904900FC8913 /* ViewModel2 */ = {
			isa = PBXGroup;
			children = (
				F366FEE822D4905E00FC8913 /* MVVM_MV.m */,
				F366FEEA22D4906C00FC8913 /* MVVM_MV.h */,
				F366FEEB22D497D100FC8913 /* ViewControllerRAC.h */,
				F366FEEC22D497DC00FC8913 /* ViewControllerRAC.m */,
			);
			path = ViewModel2;
			sourceTree = "<group>";
		};
		F3785C0F22CD97E10074AC24 = {
			isa = PBXGroup;
			children = (
				F3785C1A22CD97E20074AC24 /* MVVM-interfaceDemo */,
				F31B670522D338C50014DB41 /* SDWebImage.framework */,
				F3785C3322CD97E30074AC24 /* MVVM-interfaceDemoTests */,
				F3785C3E22CD97E30074AC24 /* MVVM-interfaceDemoUITests */,
				F3785C1922CD97E20074AC24 /* Products */,
			);
			sourceTree = "<group>";
		};
		F3785C1922CD97E20074AC24 /* Products */ = {
			isa = PBXGroup;
			children = (
				F3785C1822CD97E20074AC24 /* MVVM-interfaceDemo.app */,
				F3785C3022CD97E30074AC24 /* MVVM-interfaceDemoTests.xctest */,
				F3785C3B22CD97E30074AC24 /* MVVM-interfaceDemoUITests.xctest */,
			);
			name = Products;
			sourceTree = "<group>";
		};
		F3785C1A22CD97E20074AC24 /* MVVM-interfaceDemo */ = {
			isa = PBXGroup;
			children = (
				F3785C5922CD98E40074AC24 /* AppDelegate */,
				F3785C8822CE053C0074AC24 /* VeiwController */,
				F3785C8422CE045D0074AC24 /* DataSource */,
				F3785C5622CD98BB0074AC24 /* Model */,
				F3785C5722CD98CC0074AC24 /* Cell */,
				F366FEE722D4904900FC8913 /* ViewModel2 */,
				F3785C5822CD98D70074AC24 /* ViewModel */,
				F3785C5C22CE02A40074AC24 /* Masonry */,
			);
			path = "MVVM-interfaceDemo";
			sourceTree = "<group>";
		};
		F3785C3322CD97E30074AC24 /* MVVM-interfaceDemoTests */ = {
			isa = PBXGroup;
			children = (
				F3785C3622CD97E30074AC24 /* Info.plist */,
				F3785C3422CD97E30074AC24 /* MVVM_interfaceDemoTests.m */,
			);
			path = "MVVM-interfaceDemoTests";
			sourceTree = "<group>";
		};
		F3785C3E22CD97E30074AC24 /* MVVM-interfaceDemoUITests */ = {
			isa = PBXGroup;
			children = (
				F3785C3F22CD97E30074AC24 /* MVVM_interfaceDemoUITests.m */,
				F3785C4122CD97E30074AC24 /* Info.plist */,
			);
			path = "MVVM-interfaceDemoUITests";
			sourceTree = "<group>";
		};
		F3785C5622CD98BB0074AC24 /* Model */ = {
			isa = PBXGroup;
			children = (
				F3785C4F22CD98820074AC24 /* MVVMmodel.h */,
				F3785C5A22CD990E0074AC24 /* MVVMsub_model.h */,
				F3785C4D22CD98760074AC24 /* MVVMmodel.m */,
			);
			path = Model;
			sourceTree = "<group>";
		};
		F3785C5722CD98CC0074AC24 /* Cell */ = {
			isa = PBXGroup;
			children = (
				F31B670422D328A40014DB41 /* DetailViewController.h */,
				F366FEE522D42C8500FC8913 /* DetailViewController.m */,
				F3785C5022CD98920074AC24 /* MVVMcell.h */,
				F3785C5122CD989E0074AC24 /* MVVMcell.m */,
			);
			path = Cell;
			sourceTree = "<group>";
		};
		F3785C5822CD98D70074AC24 /* ViewModel */ = {
			isa = PBXGroup;
			children = (
				F3556E3A22CEF6E50096D26A /* BaseViewModel.m */,
				F3556E3C22CEF6F10096D26A /* BaseVieModel.h */,
				F3785C5322CD98AD0074AC24 /* MVVMview_model.m */,
				F3785C5522CD98B80074AC24 /* MVVMview_model.h */,
			);
			path = ViewModel;
			sourceTree = "<group>";
		};
		F3785C5922CD98E40074AC24 /* AppDelegate */ = {
			isa = PBXGroup;
			children = (
				F3785C1B22CD97E20074AC24 /* AppDelegate.h */,
				F3785C1C22CD97E20074AC24 /* AppDelegate.m */,
				F3785C2122CD97E20074AC24 /* Main.storyboard */,
				F3785C2422CD97E30074AC24 /* Assets.xcassets */,
				F3785C2622CD97E30074AC24 /* LaunchScreen.storyboard */,
				F3785C2922CD97E30074AC24 /* Info.plist */,
				F3785C2A22CD97E30074AC24 /* main.m */,
			);
			path = AppDelegate;
			sourceTree = "<group>";
		};
		F3785C5C22CE02A40074AC24 /* Masonry */ = {
			isa = PBXGroup;
			children = (
				F3785C5D22CE02A40074AC24 /* MASCompositeConstraint.h */,
				F3785C5E22CE02A40074AC24 /* NSLayoutConstraint+MASDebugAdditions.m */,
				F3785C5F22CE02A40074AC24 /* MASConstraint+Private.h */,
				F3785C6022CE02A40074AC24 /* MASLayoutConstraint.h */,
				F3785C6122CE02A40074AC24 /* NSArray+MASShorthandAdditions.h */,
				F3785C6222CE02A40074AC24 /* MASConstraintMaker.h */,
				F3785C6322CE02A40074AC24 /* View+MASAdditions.h */,
				F3785C6422CE02A40074AC24 /* NSArray+MASAdditions.h */,
				F3785C6522CE02A40074AC24 /* MASUtilities.h */,
				F3785C6622CE02A40074AC24 /* MASViewAttribute.h */,
				F3785C6722CE02A40074AC24 /* ViewController+MASAdditions.m */,
				F3785C6822CE02A40074AC24 /* MASViewConstraint.h */,
				F3785C6922CE02A40074AC24 /* MASConstraint.h */,
				F3785C6A22CE02A40074AC24 /* NSLayoutConstraint+MASDebugAdditions.h */,
				F3785C6B22CE02A40074AC24 /* MASCompositeConstraint.m */,
				F3785C6C22CE02A40074AC24 /* MASConstraintMaker.m */,
				F3785C6D22CE02A40074AC24 /* MASLayoutConstraint.m */,
				F3785C6E22CE02A40074AC24 /* NSArray+MASAdditions.m */,
				F3785C6F22CE02A40074AC24 /* View+MASAdditions.m */,
				F3785C7022CE02A40074AC24 /* View+MASShorthandAdditions.h */,
				F3785C7122CE02A40074AC24 /* ImageDownLoad.m */,
				F3785C7222CE02A40074AC24 /* Masonry.h */,
				F3785C7322CE02A40074AC24 /* MASConstraint.m */,
				F3785C7422CE02A40074AC24 /* ViewController+MASAdditions.h */,
				F3785C7522CE02A40074AC24 /* MASViewConstraint.m */,
				F3785C7622CE02A40074AC24 /* MASViewAttribute.m */,
				F3785C7722CE02A40074AC24 /* Info.plist */,
			);
			path = Masonry;
			sourceTree = "<group>";
		};
		F3785C8422CE045D0074AC24 /* DataSource */ = {
			isa = PBXGroup;
			children = (
				F3785C8522CE04950074AC24 /* MVVM_DataSource.m */,
				F3785C8722CE049D0074AC24 /* MVVM_DataSource.h */,
			);
			path = DataSource;
			sourceTree = "<group>";
		};
		F3785C8822CE053C0074AC24 /* VeiwController */ = {
			isa = PBXGroup;
			children = (
				F3785C1E22CD97E20074AC24 /* ViewController.h */,
				F3785C1F22CD97E20074AC24 /* ViewController.m */,
			);
			path = VeiwController;
			sourceTree = "<group>";
		};
/* End PBXGroup section */

/* Begin PBXNativeTarget section */
		F3785C1722CD97E20074AC24 /* MVVM-interfaceDemo */ = {
			isa = PBXNativeTarget;
			buildConfigurationList = F3785C4422CD97E30074AC24 /* Build configuration list for PBXNativeTarget "MVVM-interfaceDemo" */;
			buildPhases = (
				F3785C1422CD97E20074AC24 /* Sources */,
				F3785C1522CD97E20074AC24 /* Frameworks */,
				F3785C1622CD97E20074AC24 /* Resources */,
				F31B670922D338CE0014DB41 /* Embed Frameworks */,
			);
			buildRules = (
			);
			dependencies = (
			);
			name = "MVVM-interfaceDemo";
			productName = "MVVM-interfaceDemo";
			productReference = F3785C1822CD97E20074AC24 /* MVVM-interfaceDemo.app */;
			productType = "com.apple.product-type.application";
		};
		F3785C2F22CD97E30074AC24 /* MVVM-interfaceDemoTests */ = {
			isa = PBXNativeTarget;
			buildConfigurationList = F3785C4722CD97E30074AC24 /* Build configuration list for PBXNativeTarget "MVVM-interfaceDemoTests" */;
			buildPhases = (
				F3785C2C22CD97E30074AC24 /* Sources */,
				F3785C2D22CD97E30074AC24 /* Frameworks */,
				F3785C2E22CD97E30074AC24 /* Resources */,
			);
			buildRules = (
			);
			dependencies = (
				F3785C3222CD97E30074AC24 /* PBXTargetDependency */,
			);
			name = "MVVM-interfaceDemoTests";
			productName = "MVVM-interfaceDemoTests";
			productReference = F3785C3022CD97E30074AC24 /* MVVM-interfaceDemoTests.xctest */;
			productType = "com.apple.product-type.bundle.unit-test";
		};
		F3785C3A22CD97E30074AC24 /* MVVM-interfaceDemoUITests */ = {
			isa = PBXNativeTarget;
			buildConfigurationList = F3785C4A22CD97E30074AC24 /* Build configuration list for PBXNativeTarget "MVVM-interfaceDemoUITests" */;
			buildPhases = (
				F3785C3722CD97E30074AC24 /* Sources */,
				F3785C3822CD97E30074AC24 /* Frameworks */,
				F3785C3922CD97E30074AC24 /* Resources */,
			);
			buildRules = (
			);
			dependencies = (
				F3785C3D22CD97E30074AC24 /* PBXTargetDependency */,
			);
			name = "MVVM-interfaceDemoUITests";
			productName = "MVVM-interfaceDemoUITests";
			productReference = F3785C3B22CD97E30074AC24 /* MVVM-interfaceDemoUITests.xctest */;
			productType = "com.apple.product-type.bundle.ui-testing";
		};
/* End PBXNativeTarget section */

/* Begin PBXProject section */
		F3785C1022CD97E10074AC24 /* Project object */ = {
			isa = PBXProject;
			attributes = {
				LastUpgradeCheck = 1010;
				ORGANIZATIONNAME = CHUXIANWANG;
				TargetAttributes = {
					F3785C1722CD97E20074AC24 = {
						CreatedOnToolsVersion = 10.1;
					};
					F3785C2F22CD97E30074AC24 = {
						CreatedOnToolsVersion = 10.1;
						TestTargetID = F3785C1722CD97E20074AC24;
					};
					F3785C3A22CD97E30074AC24 = {
						CreatedOnToolsVersion = 10.1;
						TestTargetID = F3785C1722CD97E20074AC24;
					};
				};
			};
			buildConfigurationList = F3785C1322CD97E10074AC24 /* Build configuration list for PBXProject "MVVM-interfaceDemo" */;
			compatibilityVersion = "Xcode 9.3";
			developmentRegion = en;
			hasScannedForEncodings = 0;
			knownRegions = (
				en,
				Base,
			);
			mainGroup = F3785C0F22CD97E10074AC24;
			productRefGroup = F3785C1922CD97E20074AC24 /* Products */;
			projectDirPath = "";
			projectRoot = "";
			targets = (
				F3785C1722CD97E20074AC24 /* MVVM-interfaceDemo */,
				F3785C2F22CD97E30074AC24 /* MVVM-interfaceDemoTests */,
				F3785C3A22CD97E30074AC24 /* MVVM-interfaceDemoUITests */,
			);
		};
/* End PBXProject section */

/* Begin PBXResourcesBuildPhase section */
		F3785C1622CD97E20074AC24 /* Resources */ = {
			isa = PBXResourcesBuildPhase;
			buildActionMask = 2147483647;
			files = (
				F3785C8322CE02A50074AC24 /* Info.plist in Resources */,
				F3785C2822CD97E30074AC24 /* LaunchScreen.storyboard in Resources */,
				F3785C2522CD97E30074AC24 /* Assets.xcassets in Resources */,
				F3785C2322CD97E20074AC24 /* Main.storyboard in Resources */,
			);
			runOnlyForDeploymentPostprocessing = 0;
		};
		F3785C2E22CD97E30074AC24 /* Resources */ = {
			isa = PBXResourcesBuildPhase;
			buildActionMask = 2147483647;
			files = (
			);
			runOnlyForDeploymentPostprocessing = 0;
		};
		F3785C3922CD97E30074AC24 /* Resources */ = {
			isa = PBXResourcesBuildPhase;
			buildActionMask = 2147483647;
			files = (
			);
			runOnlyForDeploymentPostprocessing = 0;
		};
/* End PBXResourcesBuildPhase section */

/* Begin PBXSourcesBuildPhase section */
		F3785C1422CD97E20074AC24 /* Sources */ = {
			isa = PBXSourcesBuildPhase;
			buildActionMask = 2147483647;
			files = (
				F3556E3B22CEF6E50096D26A /* BaseViewModel.m in Sources */,
				F3785C2022CD97E20074AC24 /* ViewController.m in Sources */,
				F3785C7B22CE02A50074AC24 /* MASConstraintMaker.m in Sources */,
				F3785C8622CE04950074AC24 /* MVVM_DataSource.m in Sources */,
				F3785C5222CD989E0074AC24 /* MVVMcell.m in Sources */,
				F3785C7922CE02A50074AC24 /* ViewController+MASAdditions.m in Sources */,
				F3785C8222CE02A50074AC24 /* MASViewAttribute.m in Sources */,
				F366FEED22D497DD00FC8913 /* ViewControllerRAC.m in Sources */,
				F3785C7822CE02A50074AC24 /* NSLayoutConstraint+MASDebugAdditions.m in Sources */,
				F3785C7A22CE02A50074AC24 /* MASCompositeConstraint.m in Sources */,
				F3785C5422CD98AD0074AC24 /* MVVMview_model.m in Sources */,
				F3785C7C22CE02A50074AC24 /* MASLayoutConstraint.m in Sources */,
				F3785C7E22CE02A50074AC24 /* View+MASAdditions.m in Sources */,
				F3785C7F22CE02A50074AC24 /* ImageDownLoad.m in Sources */,
				F366FEE922D4905E00FC8913 /* MVVM_MV.m in Sources */,
				F3785C7D22CE02A50074AC24 /* NSArray+MASAdditions.m in Sources */,
				F3785C4E22CD98760074AC24 /* MVVMmodel.m in Sources */,
				F366FEE622D42C8500FC8913 /* DetailViewController.m in Sources */,
				F3785C2B22CD97E30074AC24 /* main.m in Sources */,
				F3785C1D22CD97E20074AC24 /* AppDelegate.m in Sources */,
				F3785C8022CE02A50074AC24 /* MASConstraint.m in Sources */,
				F3785C8122CE02A50074AC24 /* MASViewConstraint.m in Sources */,
			);
			runOnlyForDeploymentPostprocessing = 0;
		};
		F3785C2C22CD97E30074AC24 /* Sources */ = {
			isa = PBXSourcesBuildPhase;
			buildActionMask = 2147483647;
			files = (
				F3785C3522CD97E30074AC24 /* MVVM_interfaceDemoTests.m in Sources */,
			);
			runOnlyForDeploymentPostprocessing = 0;
		};
		F3785C3722CD97E30074AC24 /* Sources */ = {
			isa = PBXSourcesBuildPhase;
			buildActionMask = 2147483647;
			files = (
				F3785C4022CD97E30074AC24 /* MVVM_interfaceDemoUITests.m in Sources */,
			);
			runOnlyForDeploymentPostprocessing = 0;
		};
/* End PBXSourcesBuildPhase section */

/* Begin PBXTargetDependency section */
		F3785C3222CD97E30074AC24 /* PBXTargetDependency */ = {
			isa = PBXTargetDependency;
			target = F3785C1722CD97E20074AC24 /* MVVM-interfaceDemo */;
			targetProxy = F3785C3122CD97E30074AC24 /* PBXContainerItemProxy */;
		};
		F3785C3D22CD97E30074AC24 /* PBXTargetDependency */ = {
			isa = PBXTargetDependency;
			target = F3785C1722CD97E20074AC24 /* MVVM-interfaceDemo */;
			targetProxy = F3785C3C22CD97E30074AC24 /* PBXContainerItemProxy */;
		};
/* End PBXTargetDependency section */

/* Begin PBXVariantGroup section */
		F3785C2122CD97E20074AC24 /* Main.storyboard */ = {
			isa = PBXVariantGroup;
			children = (
				F3785C2222CD97E20074AC24 /* Base */,
			);
			name = Main.storyboard;
			sourceTree = "<group>";
		};
		F3785C2622CD97E30074AC24 /* LaunchScreen.storyboard */ = {
			isa = PBXVariantGroup;
			children = (
				F3785C2722CD97E30074AC24 /* Base */,
			);
			name = LaunchScreen.storyboard;
			sourceTree = "<group>";
		};
/* End PBXVariantGroup section */

/* Begin XCBuildConfiguration section */
		F3785C4222CD97E30074AC24 /* Debug */ = {
			isa = XCBuildConfiguration;
			buildSettings = {
				ALWAYS_SEARCH_USER_PATHS = NO;
				CLANG_ANALYZER_NONNULL = YES;
				CLANG_ANALYZER_NUMBER_OBJECT_CONVERSION = YES_AGGRESSIVE;
				CLANG_CXX_LANGUAGE_STANDARD = "gnu++14";
				CLANG_CXX_LIBRARY = "libc++";
				CLANG_ENABLE_MODULES = YES;
				CLANG_ENABLE_OBJC_ARC = YES;
				CLANG_ENABLE_OBJC_WEAK = YES;
				CLANG_WARN_BLOCK_CAPTURE_AUTORELEASING = YES;
				CLANG_WARN_BOOL_CONVERSION = YES;
				CLANG_WARN_COMMA = YES;
				CLANG_WARN_CONSTANT_CONVERSION = YES;
				CLANG_WARN_DEPRECATED_OBJC_IMPLEMENTATIONS = YES;
				CLANG_WARN_DIRECT_OBJC_ISA_USAGE = YES_ERROR;
				CLANG_WARN_DOCUMENTATION_COMMENTS = YES;
				CLANG_WARN_EMPTY_BODY = YES;
				CLANG_WARN_ENUM_CONVERSION = YES;
				CLANG_WARN_INFINITE_RECURSION = YES;
				CLANG_WARN_INT_CONVERSION = YES;
				CLANG_WARN_NON_LITERAL_NULL_CONVERSION = YES;
				CLANG_WARN_OBJC_IMPLICIT_RETAIN_SELF = YES;
				CLANG_WARN_OBJC_LITERAL_CONVERSION = YES;
				CLANG_WARN_OBJC_ROOT_CLASS = YES_ERROR;
				CLANG_WARN_RANGE_LOOP_ANALYSIS = YES;
				CLANG_WARN_STRICT_PROTOTYPES = YES;
				CLANG_WARN_SUSPICIOUS_MOVE = YES;
				CLANG_WARN_UNGUARDED_AVAILABILITY = YES_AGGRESSIVE;
				CLANG_WARN_UNREACHABLE_CODE = YES;
				CLANG_WARN__DUPLICATE_METHOD_MATCH = YES;
				CODE_SIGN_IDENTITY = "iPhone Developer";
				COPY_PHASE_STRIP = NO;
				DEBUG_INFORMATION_FORMAT = dwarf;
				ENABLE_STRICT_OBJC_MSGSEND = YES;
				ENABLE_TESTABILITY = YES;
				GCC_C_LANGUAGE_STANDARD = gnu11;
				GCC_DYNAMIC_NO_PIC = NO;
				GCC_NO_COMMON_BLOCKS = YES;
				GCC_OPTIMIZATION_LEVEL = 0;
				GCC_PREPROCESSOR_DEFINITIONS = (
					"DEBUG=1",
					"$(inherited)",
				);
				GCC_WARN_64_TO_32_BIT_CONVERSION = YES;
				GCC_WARN_ABOUT_RETURN_TYPE = YES_ERROR;
				GCC_WARN_UNDECLARED_SELECTOR = YES;
				GCC_WARN_UNINITIALIZED_AUTOS = YES_AGGRESSIVE;
				GCC_WARN_UNUSED_FUNCTION = YES;
				GCC_WARN_UNUSED_VARIABLE = YES;
				IPHONEOS_DEPLOYMENT_TARGET = 12.1;
				MTL_ENABLE_DEBUG_INFO = INCLUDE_SOURCE;
				MTL_FAST_MATH = YES;
				ONLY_ACTIVE_ARCH = YES;
				SDKROOT = iphoneos;
			};
			name = Debug;
		};
		F3785C4322CD97E30074AC24 /* Release */ = {
			isa = XCBuildConfiguration;
			buildSettings = {
				ALWAYS_SEARCH_USER_PATHS = NO;
				CLANG_ANALYZER_NONNULL = YES;
				CLANG_ANALYZER_NUMBER_OBJECT_CONVERSION = YES_AGGRESSIVE;
				CLANG_CXX_LANGUAGE_STANDARD = "gnu++14";
				CLANG_CXX_LIBRARY = "libc++";
				CLANG_ENABLE_MODULES = YES;
				CLANG_ENABLE_OBJC_ARC = YES;
				CLANG_ENABLE_OBJC_WEAK = YES;
				CLANG_WARN_BLOCK_CAPTURE_AUTORELEASING = YES;
				CLANG_WARN_BOOL_CONVERSION = YES;
				CLANG_WARN_COMMA = YES;
				CLANG_WARN_CONSTANT_CONVERSION = YES;
				CLANG_WARN_DEPRECATED_OBJC_IMPLEMENTATIONS = YES;
				CLANG_WARN_DIRECT_OBJC_ISA_USAGE = YES_ERROR;
				CLANG_WARN_DOCUMENTATION_COMMENTS = YES;
				CLANG_WARN_EMPTY_BODY = YES;
				CLANG_WARN_ENUM_CONVERSION = YES;
				CLANG_WARN_INFINITE_RECURSION = YES;
				CLANG_WARN_INT_CONVERSION = YES;
				CLANG_WARN_NON_LITERAL_NULL_CONVERSION = YES;
				CLANG_WARN_OBJC_IMPLICIT_RETAIN_SELF = YES;
				CLANG_WARN_OBJC_LITERAL_CONVERSION = YES;
				CLANG_WARN_OBJC_ROOT_CLASS = YES_ERROR;
				CLANG_WARN_RANGE_LOOP_ANALYSIS = YES;
				CLANG_WARN_STRICT_PROTOTYPES = YES;
				CLANG_WARN_SUSPICIOUS_MOVE = YES;
				CLANG_WARN_UNGUARDED_AVAILABILITY = YES_AGGRESSIVE;
				CLANG_WARN_UNREACHABLE_CODE = YES;
				CLANG_WARN__DUPLICATE_METHOD_MATCH = YES;
				CODE_SIGN_IDENTITY = "iPhone Developer";
				COPY_PHASE_STRIP = NO;
				DEBUG_INFORMATION_FORMAT = "dwarf-with-dsym";
				ENABLE_NS_ASSERTIONS = NO;
				ENABLE_STRICT_OBJC_MSGSEND = YES;
				GCC_C_LANGUAGE_STANDARD = gnu11;
				GCC_NO_COMMON_BLOCKS = YES;
				GCC_WARN_64_TO_32_BIT_CONVERSION = YES;
				GCC_WARN_ABOUT_RETURN_TYPE = YES_ERROR;
				GCC_WARN_UNDECLARED_SELECTOR = YES;
				GCC_WARN_UNINITIALIZED_AUTOS = YES_AGGRESSIVE;
				GCC_WARN_UNUSED_FUNCTION = YES;
				GCC_WARN_UNUSED_VARIABLE = YES;
				IPHONEOS_DEPLOYMENT_TARGET = 12.1;
				MTL_ENABLE_DEBUG_INFO = NO;
				MTL_FAST_MATH = YES;
				SDKROOT = iphoneos;
				VALIDATE_PRODUCT = YES;
			};
			name = Release;
		};
		F3785C4522CD97E30074AC24 /* Debug */ = {
			isa = XCBuildConfiguration;
			buildSettings = {
				ASSETCATALOG_COMPILER_APPICON_NAME = AppIcon;
				CODE_SIGN_STYLE = Automatic;
				DEVELOPMENT_TEAM = LC94G25K76;
				FRAMEWORK_SEARCH_PATHS = (
					"$(inherited)",
					"$(PROJECT_DIR)",
				);
				INFOPLIST_FILE = "$(SRCROOT)/MVVM-interfaceDemo/AppDelegate/Info.plist";
				IPHONEOS_DEPLOYMENT_TARGET = 12.1;
				LD_RUNPATH_SEARCH_PATHS = (
					"$(inherited)",
					"@executable_path/Frameworks",
				);
				PRODUCT_BUNDLE_IDENTIFIER = faceDem66o;
				PRODUCT_NAME = "$(TARGET_NAME)";
				TARGETED_DEVICE_FAMILY = "1,2";
			};
			name = Debug;
		};
		F3785C4622CD97E30074AC24 /* Release */ = {
			isa = XCBuildConfiguration;
			buildSettings = {
				ASSETCATALOG_COMPILER_APPICON_NAME = AppIcon;
				CODE_SIGN_STYLE = Automatic;
				DEVELOPMENT_TEAM = LC94G25K76;
				FRAMEWORK_SEARCH_PATHS = (
					"$(inherited)",
					"$(PROJECT_DIR)",
				);
				INFOPLIST_FILE = "$(SRCROOT)/MVVM-interfaceDemo/AppDelegate/Info.plist";
				IPHONEOS_DEPLOYMENT_TARGET = 12.1;
				LD_RUNPATH_SEARCH_PATHS = (
					"$(inherited)",
					"@executable_path/Frameworks",
				);
				PRODUCT_BUNDLE_IDENTIFIER = faceDem66o;
				PRODUCT_NAME = "$(TARGET_NAME)";
				TARGETED_DEVICE_FAMILY = "1,2";
			};
			name = Release;
		};
		F3785C4822CD97E30074AC24 /* Debug */ = {
			isa = XCBuildConfiguration;
			buildSettings = {
				BUNDLE_LOADER = "$(TEST_HOST)";
				CODE_SIGN_STYLE = Automatic;
				INFOPLIST_FILE = "MVVM-interfaceDemoTests/Info.plist";
				LD_RUNPATH_SEARCH_PATHS = (
					"$(inherited)",
					"@executable_path/Frameworks",
					"@loader_path/Frameworks",
				);
				PRODUCT_BUNDLE_IDENTIFIER = "aa.MVVM-interfaceDemoTests";
				PRODUCT_NAME = "$(TARGET_NAME)";
				TARGETED_DEVICE_FAMILY = "1,2";
				TEST_HOST = "$(BUILT_PRODUCTS_DIR)/MVVM-interfaceDemo.app/MVVM-interfaceDemo";
			};
			name = Debug;
		};
		F3785C4922CD97E30074AC24 /* Release */ = {
			isa = XCBuildConfiguration;
			buildSettings = {
				BUNDLE_LOADER = "$(TEST_HOST)";
				CODE_SIGN_STYLE = Automatic;
				INFOPLIST_FILE = "MVVM-interfaceDemoTests/Info.plist";
				LD_RUNPATH_SEARCH_PATHS = (
					"$(inherited)",
					"@executable_path/Frameworks",
					"@loader_path/Frameworks",
				);
				PRODUCT_BUNDLE_IDENTIFIER = "aa.MVVM-interfaceDemoTests";
				PRODUCT_NAME = "$(TARGET_NAME)";
				TARGETED_DEVICE_FAMILY = "1,2";
				TEST_HOST = "$(BUILT_PRODUCTS_DIR)/MVVM-interfaceDemo.app/MVVM-interfaceDemo";
			};
			name = Release;
		};
		F3785C4B22CD97E30074AC24 /* Debug */ = {
			isa = XCBuildConfiguration;
			buildSettings = {
				CODE_SIGN_STYLE = Automatic;
				INFOPLIST_FILE = "MVVM-interfaceDemoUITests/Info.plist";
				LD_RUNPATH_SEARCH_PATHS = (
					"$(inherited)",
					"@executable_path/Frameworks",
					"@loader_path/Frameworks",
				);
				PRODUCT_BUNDLE_IDENTIFIER = "aa.MVVM-interfaceDemoUITests";
				PRODUCT_NAME = "$(TARGET_NAME)";
				TARGETED_DEVICE_FAMILY = "1,2";
				TEST_TARGET_NAME = "MVVM-interfaceDemo";
			};
			name = Debug;
		};
		F3785C4C22CD97E30074AC24 /* Release */ = {
			isa = XCBuildConfiguration;
			buildSettings = {
				CODE_SIGN_STYLE = Automatic;
				INFOPLIST_FILE = "MVVM-interfaceDemoUITests/Info.plist";
				LD_RUNPATH_SEARCH_PATHS = (
					"$(inherited)",
					"@executable_path/Frameworks",
					"@loader_path/Frameworks",
				);
				PRODUCT_BUNDLE_IDENTIFIER = "aa.MVVM-interfaceDemoUITests";
				PRODUCT_NAME = "$(TARGET_NAME)";
				TARGETED_DEVICE_FAMILY = "1,2";
				TEST_TARGET_NAME = "MVVM-interfaceDemo";
			};
			name = Release;
		};
/* End XCBuildConfiguration section */

/* Begin XCConfigurationList section */
		F3785C1322CD97E10074AC24 /* Build configuration list for PBXProject "MVVM-interfaceDemo" */ = {
			isa = XCConfigurationList;
			buildConfigurations = (
				F3785C4222CD97E30074AC24 /* Debug */,
				F3785C4322CD97E30074AC24 /* Release */,
			);
			defaultConfigurationIsVisible = 0;
			defaultConfigurationName = Release;
		};
		F3785C4422CD97E30074AC24 /* Build configuration list for PBXNativeTarget "MVVM-interfaceDemo" */ = {
			isa = XCConfigurationList;
			buildConfigurations = (
				F3785C4522CD97E30074AC24 /* Debug */,
				F3785C4622CD97E30074AC24 /* Release */,
			);
			defaultConfigurationIsVisible = 0;
			defaultConfigurationName = Release;
		};
		F3785C4722CD97E30074AC24 /* Build configuration list for PBXNativeTarget "MVVM-interfaceDemoTests" */ = {
			isa = XCConfigurationList;
			buildConfigurations = (
				F3785C4822CD97E30074AC24 /* Debug */,
				F3785C4922CD97E30074AC24 /* Release */,
			);
			defaultConfigurationIsVisible = 0;
			defaultConfigurationName = Release;
		};
		F3785C4A22CD97E30074AC24 /* Build configuration list for PBXNativeTarget "MVVM-interfaceDemoUITests" */ = {
			isa = XCConfigurationList;
			buildConfigurations = (
				F3785C4B22CD97E30074AC24 /* Debug */,
				F3785C4C22CD97E30074AC24 /* Release */,
			);
			defaultConfigurationIsVisible = 0;
			defaultConfigurationName = Release;
		};
/* End XCConfigurationList section */
	};
	rootObject = F3785C1022CD97E10074AC24 /* Project object */;
}
